
Microsoft Visual Studio Solution File, Format Version 12.00
# Visual Studio Version 17
VisualStudioVersion = 17.4.33213.308
MinimumVisualStudioVersion = 10.0.40219.1
Project("{9A19103F-16F7-4668-BE54-9A1E7A4F7556}") = "Cay-Thue", "Cay-Thue.csproj", "{2043C88A-9583-4DEA-878B-94C529DC60FB}"
EndProject
Global
	GlobalSection(SolutionConfigurationPlatforms) = preSolution
		Debug|Any CPU = Debug|Any CPU
		Release|Any CPU = Release|Any CPU
	EndGlobalSection
	GlobalSection(ProjectConfigurationPlatforms) = postSolution
		{2043C88A-9583-4DEA-878B-94C529DC60FB}.Debug|Any CPU.ActiveCfg = Debug|Any CPU
		{2043C88A-9583-4DEA-878B-94C529DC60FB}.Debug|Any CPU.Build.0 = Debug|Any CPU
		{2043C88A-9583-4DEA-878B-94C529DC60FB}.Release|Any CPU.ActiveCfg = Release|Any CPU
		{2043C88A-9583-4DEA-878B-94C529DC60FB}.Release|Any CPU.Build.0 = Release|Any CPU
	EndGlobalSection
	GlobalSection(SolutionProperties) = preSolution
		HideSolutionNode = FALSE
	EndGlobalSection
	GlobalSection(ExtensibilityGlobals) = postSolution
		SolutionGuid = {5D8260F9-AE9C-4576-A4ED-E72BB2432070}
	EndGlobalSection
EndGlobal
